
Microsoft Visual Studio Solution File, Format Version 12.00
# Visual Studio Version 16
VisualStudioVersion = 16.0.32002.261
MinimumVisualStudioVersion = 10.0.40219.1
Project("{FAE04EC0-301F-11D3-BF4B-00C04F79EFBC}") = "SBroker", "SBroker\SBroker.csproj", "{EAC5D319-9102-4479-A769-401399A1B8CE}"
EndProject
Global
	GlobalSection(SolutionConfigurationPlatforms) = preSolution
		Debug|Any CPU = Debug|Any CPU
		Release|Any CPU = Release|Any CPU
	EndGlobalSection
	GlobalSection(ProjectConfigurationPlatforms) = postSolution
		{EAC5D319-9102-4479-A769-401399A1B8CE}.Debug|Any CPU.ActiveCfg = Debug|Any CPU
		{EAC5D319-9102-4479-A769-401399A1B8CE}.Debug|Any CPU.Build.0 = Debug|Any CPU
		{EAC5D319-9102-4479-A769-401399A1B8CE}.Release|Any CPU.ActiveCfg = Release|Any CPU
		{EAC5D319-9102-4479-A769-401399A1B8CE}.Release|Any CPU.Build.0 = Release|Any CPU
	EndGlobalSection
	GlobalSection(SolutionProperties) = preSolution
		HideSolutionNode = FALSE
	EndGlobalSection
	GlobalSection(ExtensibilityGlobals) = postSolution
		SolutionGuid = {0C9900F2-FA40-40E4-AC5E-2E16C49D7430}
	EndGlobalSection
EndGlobal
